{
    "_readme": [
        "This file locks the dependencies of your project to a known state",
        "Read more about it at https://getcomposer.org/doc/01-basic-usage.md#installing-dependencies",
        "This file is @generated automatically"
    ],
    "content-hash": "a3693a8e1d2980d4d1a49ece0441aa0a",
    "packages": [
        {
            "name": "tokushima/ebi",
            "version": "3.2.13",
            "source": {
                "type": "git",
                "url": "https://github.com/tokushima/ebi.git",
                "reference": "8d423a535cc4debd9c4a6a93ba51d9d3e09aeec5"
            },
            "dist": {
                "type": "zip",
                "url": "https://api.github.com/repos/tokushima/ebi/zipball/8d423a535cc4debd9c4a6a93ba51d9d3e09aeec5",
                "reference": "8d423a535cc4debd9c4a6a93ba51d9d3e09aeec5",
                "shasum": ""
            },
            "require": {
                "ext-mbstring": "*",
                "php": ">=7.3.0"
            },
            "type": "library",
            "autoload": {
                "psr-4": {
                    "ebi\\": "lib/ebi/"
                },
                "files": [
                    "main.php"
                ]
            },
            "notification-url": "https://packagist.org/downloads/",
            "license": [
                "MIT"
            ],
            "authors": [
                {
                    "name": "tokushima"
                }
            ],
            "time": "2020-09-01T13:17:40+00:00"
        }
    ],
    "packages-dev": [],
    "aliases": [],
    "minimum-stability": "stable",
    "stability-flags": [],
    "prefer-stable": false,
    "prefer-lowest": false,
    "platform": [],
    "platform-dev": []
}
